// !$*UTF8*$!
{
	archiveVersion = 1;
	classes = {
	};
	objectVersion = 56;
	objects = {

/* Begin PBXBuildFile section */
		98C00D754723F8122F600202 /* Pods_RxSwift_Accordion.framework in Frameworks */ = {isa = PBXBuildFile; fileRef = 661791F959DD2C3D1D9D21C3 /* Pods_RxSwift_Accordion.framework */; };
		A02C06822964C7B200294ED2 /* AppDelegate.swift in Sources */ = {isa = PBXBuildFile; fileRef = A02C06812964C7B200294ED2 /* AppDelegate.swift */; };
		A02C06842964C7B200294ED2 /* SceneDelegate.swift in Sources */ = {isa = PBXBuildFile; fileRef = A02C06832964C7B200294ED2 /* SceneDelegate.swift */; };
		A02C06862964C7B200294ED2 /* ViewController.swift in Sources */ = {isa = PBXBuildFile; fileRef = A02C06852964C7B200294ED2 /* ViewController.swift */; };
		A02C06892964C7B200294ED2 /* Main.storyboard in Resources */ = {isa = PBXBuildFile; fileRef = A02C06872964C7B200294ED2 /* Main.storyboard */; };
		A02C068B2964C7B300294ED2 /* Assets.xcassets in Resources */ = {isa = PBXBuildFile; fileRef = A02C068A2964C7B300294ED2 /* Assets.xcassets */; };
		A02C068E2964C7B300294ED2 /* LaunchScreen.storyboard in Resources */ = {isa = PBXBuildFile; fileRef = A02C068C2964C7B300294ED2 /* LaunchScreen.storyboard */; };
		A0B857DD2965ABCD00D3C2DC /* MyTableViewCell.swift in Sources */ = {isa = PBXBuildFile; fileRef = A0B857DC2965ABCD00D3C2DC /* MyTableViewCell.swift */; };
/* End PBXBuildFile section */

/* Begin PBXFileReference section */
		372E1A6DCFC9B59E64C8DC94 /* Pods-RxSwift-Accordion.release.xcconfig */ = {isa = PBXFileReference; includeInIndex = 1; lastKnownFileType = text.xcconfig; name = "Pods-RxSwift-Accordion.release.xcconfig"; path = "Target Support Files/Pods-RxSwift-Accordion/Pods-RxSwift-Accordion.release.xcconfig"; sourceTree = "<group>"; };
		661791F959DD2C3D1D9D21C3 /* Pods_RxSwift_Accordion.framework */ = {isa = PBXFileReference; explicitFileType = wrapper.framework; includeInIndex = 0; path = Pods_RxSwift_Accordion.framework; sourceTree = BUILT_PRODUCTS_DIR; };
		9C938A29E8D1765EDB69047E /* Pods-RxSwift-Accordion.debug.xcconfig */ = {isa = PBXFileReference; includeInIndex = 1; lastKnownFileType = text.xcconfig; name = "Pods-RxSwift-Accordion.debug.xcconfig"; path = "Target Support Files/Pods-RxSwift-Accordion/Pods-RxSwift-Accordion.debug.xcconfig"; sourceTree = "<group>"; };
		A02C067E2964C7B200294ED2 /* RxSwift-Accordion.app */ = {isa = PBXFileReference; explicitFileType = wrapper.application; includeInIndex = 0; path = "RxSwift-Accordion.app"; sourceTree = BUILT_PRODUCTS_DIR; };
		A02C06812964C7B200294ED2 /* AppDelegate.swift */ = {isa = PBXFileReference; lastKnownFileType = sourcecode.swift; path = AppDelegate.swift; sourceTree = "<group>"; };
		A02C06832964C7B200294ED2 /* SceneDelegate.swift */ = {isa = PBXFileReference; lastKnownFileType = sourcecode.swift; path = SceneDelegate.swift; sourceTree = "<group>"; };
		A02C06852964C7B200294ED2 /* ViewController.swift */ = {isa = PBXFileReference; lastKnownFileType = sourcecode.swift; path = ViewController.swift; sourceTree = "<group>"; };
		A02C06882964C7B200294ED2 /* Base */ = {isa = PBXFileReference; lastKnownFileType = file.storyboard; name = Base; path = Base.lproj/Main.storyboard; sourceTree = "<group>"; };
		A02C068A2964C7B300294ED2 /* Assets.xcassets */ = {isa = PBXFileReference; lastKnownFileType = folder.assetcatalog; path = Assets.xcassets; sourceTree = "<group>"; };
		A02C068D2964C7B300294ED2 /* Base */ = {isa = PBXFileReference; lastKnownFileType = file.storyboard; name = Base; path = Base.lproj/LaunchScreen.storyboard; sourceTree = "<group>"; };
		A02C068F2964C7B300294ED2 /* Info.plist */ = {isa = PBXFileReference; lastKnownFileType = text.plist.xml; path = Info.plist; sourceTree = "<group>"; };
		A0B857DC2965ABCD00D3C2DC /* MyTableViewCell.swift */ = {isa = PBXFileReference; lastKnownFileType = sourcecode.swift; path = MyTableViewCell.swift; sourceTree = "<group>"; };
/* End PBXFileReference section */

/* Begin PBXFrameworksBuildPhase section */
		A02C067B2964C7B200294ED2 /* Frameworks */ = {
			isa = PBXFrameworksBuildPhase;
			buildActionMask = 2147483647;
			files = (
				98C00D754723F8122F600202 /* Pods_RxSwift_Accordion.framework in Frameworks */,
			);
			runOnlyForDeploymentPostprocessing = 0;
		};
/* End PBXFrameworksBuildPhase section */

/* Begin PBXGroup section */
		2993C83270EE1D6D7BFF1BF3 /* Frameworks */ = {
			isa = PBXGroup;
			children = (
				661791F959DD2C3D1D9D21C3 /* Pods_RxSwift_Accordion.framework */,
			);
			name = Frameworks;
			sourceTree = "<group>";
		};
		7BE9746E4980B47E3F704A2A /* Pods */ = {
			isa = PBXGroup;
			children = (
				9C938A29E8D1765EDB69047E /* Pods-RxSwift-Accordion.debug.xcconfig */,
				372E1A6DCFC9B59E64C8DC94 /* Pods-RxSwift-Accordion.release.xcconfig */,
			);
			path = Pods;
			sourceTree = "<group>";
		};
		A02C06752964C7B200294ED2 = {
			isa = PBXGroup;
			children = (
				A02C06802964C7B200294ED2 /* RxSwift-Accordion */,
				A02C067F2964C7B200294ED2 /* Products */,
				7BE9746E4980B47E3F704A2A /* Pods */,
				2993C83270EE1D6D7BFF1BF3 /* Frameworks */,
			);
			sourceTree = "<group>";
		};
		A02C067F2964C7B200294ED2 /* Products */ = {
			isa = PBXGroup;
			children = (
				A02C067E2964C7B200294ED2 /* RxSwift-Accordion.app */,
			);
			name = Products;
			sourceTree = "<group>";
		};
		A02C06802964C7B200294ED2 /* RxSwift-Accordion */ = {
			isa = PBXGroup;
			children = (
				A02C06812964C7B200294ED2 /* AppDelegate.swift */,
				A02C06832964C7B200294ED2 /* SceneDelegate.swift */,
				A02C06852964C7B200294ED2 /* ViewController.swift */,
				A02C06872964C7B200294ED2 /* Main.storyboard */,
				A02C068A2964C7B300294ED2 /* Assets.xcassets */,
				A02C068C2964C7B300294ED2 /* LaunchScreen.storyboard */,
				A02C068F2964C7B300294ED2 /* Info.plist */,
				A0B857DC2965ABCD00D3C2DC /* MyTableViewCell.swift */,
			);
			path = "RxSwift-Accordion";
			sourceTree = "<group>";
		};
/* End PBXGroup section */

/* Begin PBXNativeTarget section */
		A02C067D2964C7B200294ED2 /* RxSwift-Accordion */ = {
			isa = PBXNativeTarget;
			buildConfigurationList = A02C06922964C7B300294ED2 /* Build configuration list for PBXNativeTarget "RxSwift-Accordion" */;
			buildPhases = (
				3D09BB58D68FF17DA2E1AE0D /* [CP] Check Pods Manifest.lock */,
				A02C067A2964C7B200294ED2 /* Sources */,
				A02C067B2964C7B200294ED2 /* Frameworks */,
				A02C067C2964C7B200294ED2 /* Resources */,
				623CF8444838EEE94E93D03E /* [CP] Embed Pods Frameworks */,
			);
			buildRules = (
			);
			dependencies = (
			);
			name = "RxSwift-Accordion";
			productName = "RxSwift-Accordion";
			productReference = A02C067E2964C7B200294ED2 /* RxSwift-Accordion.app */;
			productType = "com.apple.product-type.application";
		};
/* End PBXNativeTarget section */

/* Begin PBXProject section */
		A02C06762964C7B200294ED2 /* Project object */ = {
			isa = PBXProject;
			attributes = {
				BuildIndependentTargetsInParallel = 1;
				LastSwiftUpdateCheck = 1420;
				LastUpgradeCheck = 1420;
				TargetAttributes = {
					A02C067D2964C7B200294ED2 = {
						CreatedOnToolsVersion = 14.2;
					};
				};
			};
			buildConfigurationList = A02C06792964C7B200294ED2 /* Build configuration list for PBXProject "RxSwift-Accordion" */;
			compatibilityVersion = "Xcode 14.0";
			developmentRegion = en;
			hasScannedForEncodings = 0;
			knownRegions = (
				en,
				Base,
			);
			mainGroup = A02C06752964C7B200294ED2;
			productRefGroup = A02C067F2964C7B200294ED2 /* Products */;
			projectDirPath = "";
			projectRoot = "";
			targets = (
				A02C067D2964C7B200294ED2 /* RxSwift-Accordion */,
			);
		};
/* End PBXProject section */

/* Begin PBXResourcesBuildPhase section */
		A02C067C2964C7B200294ED2 /* Resources */ = {
			isa = PBXResourcesBuildPhase;
			buildActionMask = 2147483647;
			files = (
				A02C068E2964C7B300294ED2 /* LaunchScreen.storyboard in Resources */,
				A02C068B2964C7B300294ED2 /* Assets.xcassets in Resources */,
				A02C06892964C7B200294ED2 /* Main.storyboard in Resources */,
			);
			runOnlyForDeploymentPostprocessing = 0;
		};
/* End PBXResourcesBuildPhase section */

/* Begin PBXShellScriptBuildPhase section */
		3D09BB58D68FF17DA2E1AE0D /* [CP] Check Pods Manifest.lock */ = {
			isa = PBXShellScriptBuildPhase;
			buildActionMask = 2147483647;
			files = (
			);
			inputFileListPaths = (
			);
			inputPaths = (
				"${PODS_PODFILE_DIR_PATH}/Podfile.lock",
				"${PODS_ROOT}/Manifest.lock",
			);
			name = "[CP] Check Pods Manifest.lock";
			outputFileListPaths = (
			);
			outputPaths = (
				"$(DERIVED_FILE_DIR)/Pods-RxSwift-Accordion-checkManifestLockResult.txt",
			);
			runOnlyForDeploymentPostprocessing = 0;
			shellPath = /bin/sh;
			shellScript = "diff \"${PODS_PODFILE_DIR_PATH}/Podfile.lock\" \"${PODS_ROOT}/Manifest.lock\" > /dev/null\nif [ $? != 0 ] ; then\n    # print error to STDERR\n    echo \"error: The sandbox is not in sync with the Podfile.lock. Run 'pod install' or update your CocoaPods installation.\" >&2\n    exit 1\nfi\n# This output is used by Xcode 'outputs' to avoid re-running this script phase.\necho \"SUCCESS\" > \"${SCRIPT_OUTPUT_FILE_0}\"\n";
			showEnvVarsInLog = 0;
		};
		623CF8444838EEE94E93D03E /* [CP] Embed Pods Frameworks */ = {
			isa = PBXShellScriptBuildPhase;
			buildActionMask = 2147483647;
			files = (
			);
			inputFileListPaths = (
				"${PODS_ROOT}/Target Support Files/Pods-RxSwift-Accordion/Pods-RxSwift-Accordion-frameworks-${CONFIGURATION}-input-files.xcfilelist",
			);
			name = "[CP] Embed Pods Frameworks";
			outputFileListPaths = (
				"${PODS_ROOT}/Target Support Files/Pods-RxSwift-Accordion/Pods-RxSwift-Accordion-frameworks-${CONFIGURATION}-output-files.xcfilelist",
			);
			runOnlyForDeploymentPostprocessing = 0;
			shellPath = /bin/sh;
			shellScript = "\"${PODS_ROOT}/Target Support Files/Pods-RxSwift-Accordion/Pods-RxSwift-Accordion-frameworks.sh\"\n";
			showEnvVarsInLog = 0;
		};
/* End PBXShellScriptBuildPhase section */

/* Begin PBXSourcesBuildPhase section */
		A02C067A2964C7B200294ED2 /* Sources */ = {
			isa = PBXSourcesBuildPhase;
			buildActionMask = 2147483647;
			files = (
				A02C06862964C7B200294ED2 /* ViewController.swift in Sources */,
				A0B857DD2965ABCD00D3C2DC /* MyTableViewCell.swift in Sources */,
				A02C06822964C7B200294ED2 /* AppDelegate.swift in Sources */,
				A02C06842964C7B200294ED2 /* SceneDelegate.swift in Sources */,
			);
			runOnlyForDeploymentPostprocessing = 0;
		};
/* End PBXSourcesBuildPhase section */

/* Begin PBXVariantGroup section */
		A02C06872964C7B200294ED2 /* Main.storyboard */ = {
			isa = PBXVariantGroup;
			children = (
				A02C06882964C7B200294ED2 /* Base */,
			);
			name = Main.storyboard;
			sourceTree = "<group>";
		};
		A02C068C2964C7B300294ED2 /* LaunchScreen.storyboard */ = {
			isa = PBXVariantGroup;
			children = (
				A02C068D2964C7B300294ED2 /* Base */,
			);
			name = LaunchScreen.storyboard;
			sourceTree = "<group>";
		};
/* End PBXVariantGroup section */

/* Begin XCBuildConfiguration section */
		A02C06902964C7B300294ED2 /* Debug */ = {
			isa = XCBuildConfiguration;
			buildSettings = {
				ALWAYS_SEARCH_USER_PATHS = NO;
				CLANG_ANALYZER_NONNULL = YES;
				CLANG_ANALYZER_NUMBER_OBJECT_CONVERSION = YES_AGGRESSIVE;
				CLANG_CXX_LANGUAGE_STANDARD = "gnu++20";
				CLANG_ENABLE_MODULES = YES;
				CLANG_ENABLE_OBJC_ARC = YES;
				CLANG_ENABLE_OBJC_WEAK = YES;
				CLANG_WARN_BLOCK_CAPTURE_AUTORELEASING = YES;
				CLANG_WARN_BOOL_CONVERSION = YES;
				CLANG_WARN_COMMA = YES;
				CLANG_WARN_CONSTANT_CONVERSION = YES;
				CLANG_WARN_DEPRECATED_OBJC_IMPLEMENTATIONS = YES;
				CLANG_WARN_DIRECT_OBJC_ISA_USAGE = YES_ERROR;
				CLANG_WARN_DOCUMENTATION_COMMENTS = YES;
				CLANG_WARN_EMPTY_BODY = YES;
				CLANG_WARN_ENUM_CONVERSION = YES;
				CLANG_WARN_INFINITE_RECURSION = YES;
				CLANG_WARN_INT_CONVERSION = YES;
				CLANG_WARN_NON_LITERAL_NULL_CONVERSION = YES;
				CLANG_WARN_OBJC_IMPLICIT_RETAIN_SELF = YES;
				CLANG_WARN_OBJC_LITERAL_CONVERSION = YES;
				CLANG_WARN_OBJC_ROOT_CLASS = YES_ERROR;
				CLANG_WARN_QUOTED_INCLUDE_IN_FRAMEWORK_HEADER = YES;
				CLANG_WARN_RANGE_LOOP_ANALYSIS = YES;
				CLANG_WARN_STRICT_PROTOTYPES = YES;
				CLANG_WARN_SUSPICIOUS_MOVE = YES;
				CLANG_WARN_UNGUARDED_AVAILABILITY = YES_AGGRESSIVE;
				CLANG_WARN_UNREACHABLE_CODE = YES;
				CLANG_WARN__DUPLICATE_METHOD_MATCH = YES;
				COPY_PHASE_STRIP = NO;
				DEBUG_INFORMATION_FORMAT = dwarf;
				ENABLE_STRICT_OBJC_MSGSEND = YES;
				ENABLE_TESTABILITY = YES;
				GCC_C_LANGUAGE_STANDARD = gnu11;
				GCC_DYNAMIC_NO_PIC = NO;
				GCC_NO_COMMON_BLOCKS = YES;
				GCC_OPTIMIZATION_LEVEL = 0;
				GCC_PREPROCESSOR_DEFINITIONS = (
					"DEBUG=1",
					"$(inherited)",
				);
				GCC_WARN_64_TO_32_BIT_CONVERSION = YES;
				GCC_WARN_ABOUT_RETURN_TYPE = YES_ERROR;
				GCC_WARN_UNDECLARED_SELECTOR = YES;
				GCC_WARN_UNINITIALIZED_AUTOS = YES_AGGRESSIVE;
				GCC_WARN_UNUSED_FUNCTION = YES;
				GCC_WARN_UNUSED_VARIABLE = YES;
				IPHONEOS_DEPLOYMENT_TARGET = 16.2;
				MTL_ENABLE_DEBUG_INFO = INCLUDE_SOURCE;
				MTL_FAST_MATH = YES;
				ONLY_ACTIVE_ARCH = YES;
				SDKROOT = iphoneos;
				SWIFT_ACTIVE_COMPILATION_CONDITIONS = DEBUG;
				SWIFT_OPTIMIZATION_LEVEL = "-Onone";
			};
			name = Debug;
		};
		A02C06912964C7B300294ED2 /* Release */ = {
			isa = XCBuildConfiguration;
			buildSettings = {
				ALWAYS_SEARCH_USER_PATHS = NO;
				CLANG_ANALYZER_NONNULL = YES;
				CLANG_ANALYZER_NUMBER_OBJECT_CONVERSION = YES_AGGRESSIVE;
				CLANG_CXX_LANGUAGE_STANDARD = "gnu++20";
				CLANG_ENABLE_MODULES = YES;
				CLANG_ENABLE_OBJC_ARC = YES;
				CLANG_ENABLE_OBJC_WEAK = YES;
				CLANG_WARN_BLOCK_CAPTURE_AUTORELEASING = YES;
				CLANG_WARN_BOOL_CONVERSION = YES;
				CLANG_WARN_COMMA = YES;
				CLANG_WARN_CONSTANT_CONVERSION = YES;
				CLANG_WARN_DEPRECATED_OBJC_IMPLEMENTATIONS = YES;
				CLANG_WARN_DIRECT_OBJC_ISA_USAGE = YES_ERROR;
				CLANG_WARN_DOCUMENTATION_COMMENTS = YES;
				CLANG_WARN_EMPTY_BODY = YES;
				CLANG_WARN_ENUM_CONVERSION = YES;
				CLANG_WARN_INFINITE_RECURSION = YES;
				CLANG_WARN_INT_CONVERSION = YES;
				CLANG_WARN_NON_LITERAL_NULL_CONVERSION = YES;
				CLANG_WARN_OBJC_IMPLICIT_RETAIN_SELF = YES;
				CLANG_WARN_OBJC_LITERAL_CONVERSION = YES;
				CLANG_WARN_OBJC_ROOT_CLASS = YES_ERROR;
				CLANG_WARN_QUOTED_INCLUDE_IN_FRAMEWORK_HEADER = YES;
				CLANG_WARN_RANGE_LOOP_ANALYSIS = YES;
				CLANG_WARN_STRICT_PROTOTYPES = YES;
				CLANG_WARN_SUSPICIOUS_MOVE = YES;
				CLANG_WARN_UNGUARDED_AVAILABILITY = YES_AGGRESSIVE;
				CLANG_WARN_UNREACHABLE_CODE = YES;
				CLANG_WARN__DUPLICATE_METHOD_MATCH = YES;
				COPY_PHASE_STRIP = NO;
				DEBUG_INFORMATION_FORMAT = "dwarf-with-dsym";
				ENABLE_NS_ASSERTIONS = NO;
				ENABLE_STRICT_OBJC_MSGSEND = YES;
				GCC_C_LANGUAGE_STANDARD = gnu11;
				GCC_NO_COMMON_BLOCKS = YES;
				GCC_WARN_64_TO_32_BIT_CONVERSION = YES;
				GCC_WARN_ABOUT_RETURN_TYPE = YES_ERROR;
				GCC_WARN_UNDECLARED_SELECTOR = YES;
				GCC_WARN_UNINITIALIZED_AUTOS = YES_AGGRESSIVE;
				GCC_WARN_UNUSED_FUNCTION = YES;
				GCC_WARN_UNUSED_VARIABLE = YES;
				IPHONEOS_DEPLOYMENT_TARGET = 16.2;
				MTL_ENABLE_DEBUG_INFO = NO;
				MTL_FAST_MATH = YES;
				SDKROOT = iphoneos;
				SWIFT_COMPILATION_MODE = wholemodule;
				SWIFT_OPTIMIZATION_LEVEL = "-O";
				VALIDATE_PRODUCT = YES;
			};
			name = Release;
		};
		A02C06932964C7B300294ED2 /* Debug */ = {
			isa = XCBuildConfiguration;
			baseConfigurationReference = 9C938A29E8D1765EDB69047E /* Pods-RxSwift-Accordion.debug.xcconfig */;
			buildSettings = {
				ASSETCATALOG_COMPILER_APPICON_NAME = AppIcon;
				ASSETCATALOG_COMPILER_GLOBAL_ACCENT_COLOR_NAME = AccentColor;
				CODE_SIGN_STYLE = Automatic;
				CURRENT_PROJECT_VERSION = 1;
				DEVELOPMENT_TEAM = 9T34C2V38R;
				GENERATE_INFOPLIST_FILE = YES;
				INFOPLIST_FILE = "RxSwift-Accordion/Info.plist";
				INFOPLIST_KEY_UIApplicationSupportsIndirectInputEvents = YES;
				INFOPLIST_KEY_UILaunchStoryboardName = LaunchScreen;
				INFOPLIST_KEY_UIMainStoryboardFile = Main;
				INFOPLIST_KEY_UISupportedInterfaceOrientations_iPad = "UIInterfaceOrientationPortrait UIInterfaceOrientationPortraitUpsideDown UIInterfaceOrientationLandscapeLeft UIInterfaceOrientationLandscapeRight";
				INFOPLIST_KEY_UISupportedInterfaceOrientations_iPhone = "UIInterfaceOrientationPortrait UIInterfaceOrientationLandscapeLeft UIInterfaceOrientationLandscapeRight";
				LD_RUNPATH_SEARCH_PATHS = (
					"$(inherited)",
					"@executable_path/Frameworks",
				);
				MARKETING_VERSION = 1.0;
				PRODUCT_BUNDLE_IDENTIFIER = "com.iosmandroid.accordion.RxSwift-Accordion";
				PRODUCT_NAME = "$(TARGET_NAME)";
				SWIFT_EMIT_LOC_STRINGS = YES;
				SWIFT_VERSION = 5.0;
				TARGETED_DEVICE_FAMILY = "1,2";
			};
			name = Debug;
		};
		A02C06942964C7B300294ED2 /* Release */ = {
			isa = XCBuildConfiguration;
			baseConfigurationReference = 372E1A6DCFC9B59E64C8DC94 /* Pods-RxSwift-Accordion.release.xcconfig */;
			buildSettings = {
				ASSETCATALOG_COMPILER_APPICON_NAME = AppIcon;
				ASSETCATALOG_COMPILER_GLOBAL_ACCENT_COLOR_NAME = AccentColor;
				CODE_SIGN_STYLE = Automatic;
				CURRENT_PROJECT_VERSION = 1;
				DEVELOPMENT_TEAM = 9T34C2V38R;
				GENERATE_INFOPLIST_FILE = YES;
				INFOPLIST_FILE = "RxSwift-Accordion/Info.plist";
				INFOPLIST_KEY_UIApplicationSupportsIndirectInputEvents = YES;
				INFOPLIST_KEY_UILaunchStoryboardName = LaunchScreen;
				INFOPLIST_KEY_UIMainStoryboardFile = Main;
				INFOPLIST_KEY_UISupportedInterfaceOrientations_iPad = "UIInterfaceOrientationPortrait UIInterfaceOrientationPortraitUpsideDown UIInterfaceOrientationLandscapeLeft UIInterfaceOrientationLandscapeRight";
				INFOPLIST_KEY_UISupportedInterfaceOrientations_iPhone = "UIInterfaceOrientationPortrait UIInterfaceOrientationLandscapeLeft UIInterfaceOrientationLandscapeRight";
				LD_RUNPATH_SEARCH_PATHS = (
					"$(inherited)",
					"@executable_path/Frameworks",
				);
				MARKETING_VERSION = 1.0;
				PRODUCT_BUNDLE_IDENTIFIER = "com.iosmandroid.accordion.RxSwift-Accordion";
				PRODUCT_NAME = "$(TARGET_NAME)";
				SWIFT_EMIT_LOC_STRINGS = YES;
				SWIFT_VERSION = 5.0;
				TARGETED_DEVICE_FAMILY = "1,2";
			};
			name = Release;
		};
/* End XCBuildConfiguration section */

/* Begin XCConfigurationList section */
		A02C06792964C7B200294ED2 /* Build configuration list for PBXProject "RxSwift-Accordion" */ = {
			isa = XCConfigurationList;
			buildConfigurations = (
				A02C06902964C7B300294ED2 /* Debug */,
				A02C06912964C7B300294ED2 /* Release */,
			);
			defaultConfigurationIsVisible = 0;
			defaultConfigurationName = Release;
		};
		A02C06922964C7B300294ED2 /* Build configuration list for PBXNativeTarget "RxSwift-Accordion" */ = {
			isa = XCConfigurationList;
			buildConfigurations = (
				A02C06932964C7B300294ED2 /* Debug */,
				A02C06942964C7B300294ED2 /* Release */,
			);
			defaultConfigurationIsVisible = 0;
			defaultConfigurationName = Release;
		};
/* End XCConfigurationList section */
	};
	rootObject = A02C06762964C7B200294ED2 /* Project object */;
}
